
Microsoft Visual Studio Solution File, Format Version 12.00
# Visual Studio 15
VisualStudioVersion = 15.0.28307.539
MinimumVisualStudioVersion = 10.0.40219.1
Project("{FAE04EC0-301F-11D3-BF4B-00C04F79EFBC}") = "pa10_C00219921_C00124478", "pa10_C00219921_C00124478\pa10_C00219921_C00124478.csproj", "{18707BA4-1DF6-4FA8-8147-FFC393FB5BDB}"
EndProject
Global
	GlobalSection(SolutionConfigurationPlatforms) = preSolution
		Debug|Any CPU = Debug|Any CPU
		Release|Any CPU = Release|Any CPU
	EndGlobalSection
	GlobalSection(ProjectConfigurationPlatforms) = postSolution
		{18707BA4-1DF6-4FA8-8147-FFC393FB5BDB}.Debug|Any CPU.ActiveCfg = Debug|Any CPU
		{18707BA4-1DF6-4FA8-8147-FFC393FB5BDB}.Debug|Any CPU.Build.0 = Debug|Any CPU
		{18707BA4-1DF6-4FA8-8147-FFC393FB5BDB}.Release|Any CPU.ActiveCfg = Release|Any CPU
		{18707BA4-1DF6-4FA8-8147-FFC393FB5BDB}.Release|Any CPU.Build.0 = Release|Any CPU
	EndGlobalSection
	GlobalSection(SolutionProperties) = preSolution
		HideSolutionNode = FALSE
	EndGlobalSection
	GlobalSection(ExtensibilityGlobals) = postSolution
		SolutionGuid = {D87E08E6-9A5A-4735-B5AE-CB6A51218C7E}
	EndGlobalSection
EndGlobal
